
Microsoft Visual Studio Solution File, Format Version 12.00
# Visual Studio Version 16
VisualStudioVersion = 16.0.30517.126
MinimumVisualStudioVersion = 10.0.40219.1
Project("{FAE04EC0-301F-11D3-BF4B-00C04F79EFBC}") = "BokenDataBase", "BokenDataBase\BokenDataBase.csproj", "{BC0CF529-6336-4A1A-901D-6D3597CA4535}"
EndProject
Global
	GlobalSection(SolutionConfigurationPlatforms) = preSolution
		Debug|Any CPU = Debug|Any CPU
		Release|Any CPU = Release|Any CPU
	EndGlobalSection
	GlobalSection(ProjectConfigurationPlatforms) = postSolution
		{BC0CF529-6336-4A1A-901D-6D3597CA4535}.Debug|Any CPU.ActiveCfg = Debug|Any CPU
		{BC0CF529-6336-4A1A-901D-6D3597CA4535}.Debug|Any CPU.Build.0 = Debug|Any CPU
		{BC0CF529-6336-4A1A-901D-6D3597CA4535}.Release|Any CPU.ActiveCfg = Release|Any CPU
		{BC0CF529-6336-4A1A-901D-6D3597CA4535}.Release|Any CPU.Build.0 = Release|Any CPU
	EndGlobalSection
	GlobalSection(SolutionProperties) = preSolution
		HideSolutionNode = FALSE
	EndGlobalSection
	GlobalSection(ExtensibilityGlobals) = postSolution
		SolutionGuid = {5BBF2255-681D-4ABE-A553-156AC55DF4C3}
	EndGlobalSection
EndGlobal
